# This file is autogenerated, do not edit; changes may be undone by the next 'dep ensure'.


[[projects]]
  branch = "master"
  name = "github.com/VividCortex/multitick"
  packages = ["."]
  revision = "093e689081f93f076729cda83517a5379dd9895d"

[solve-meta]
  analyzer-name = "dep"
  analyzer-version = 1
  inputs-digest = "21c6d97a01b03b5846e5c8864df225876f69c57130ee750a5183425419c44289"
  solver-name = "gps-cdcl"
  solver-version = 1
