# This file is autogenerated, do not edit; changes may be undone by the next 'dep ensure'.


[[projects]]
  branch = "master"
  digest = "1:c48b5479b9e79dac5d1c4cedfca3be3b92fc3360aa8f1f796ba13d9a68ffe126"
  name = "github.com/VividCortex/multitick"
  packages = ["."]
  pruneopts = "UT"
  revision = "282a3ac778f5ec4e211d33d7b8eacbaed4f861e7"

[solve-meta]
  analyzer-name = "dep"
  analyzer-version = 1
  input-imports = ["github.com/VividCortex/multitick"]
  solver-name = "gps-cdcl"
  solver-version = 1
